# THIS IS AN AUTOGENERATED FILE. DO NOT EDIT THIS FILE DIRECTLY.
# yarn lockfile v1


array-flatten@2.1.1:
  version "2.1.1"
  resolved "https://artifactory.workday.com/artifactory/api/npm/npm-virtual/array-flatten/-/array-flatten-2.1.1.tgz#426bb9da84090c1838d812c8150af20a8331e296"

debug@2.6.8:
  version "2.6.8"
  resolved "https://artifactory.workday.com/artifactory/api/npm/npm-virtual/debug/-/debug-2.6.8.tgz#e731531ca2ede27d188222427da17821d68ff4fc"
  dependencies:
    ms "2.0.0"

ee-first@1.1.1:
  version "1.1.1"
  resolved "https://artifactory.workday.com/artifactory/api/npm/npm-virtual/ee-first/-/ee-first-1.1.1.tgz#590c61156b0ae2f4f0255732a158b266bc56b21d"

encodeurl@~1.0.1:
  version "1.0.1"
  resolved "https://artifactory.workday.com/artifactory/api/npm/npm-virtual/encodeurl/-/encodeurl-1.0.1.tgz#79e3d58655346909fe6f0f45a5de68103b294d20"

escape-html@~1.0.3:
  version "1.0.3"
  resolved "https://artifactory.workday.com/artifactory/api/npm/npm-virtual/escape-html/-/escape-html-1.0.3.tgz#0258eae4d3d0c0974de1c169188ef0051d1d1988"

finalhandler@^1.0.4:
  version "1.0.4"
  resolved "https://artifactory.workday.com/artifactory/api/npm/npm-virtual/finalhandler/-/finalhandler-1.0.4.tgz#18574f2e7c4b98b8ae3b230c21f201f31bdb3fb7"
  dependencies:
    debug "2.6.8"
    encodeurl "~1.0.1"
    escape-html "~1.0.3"
    on-finished "~2.3.0"
    parseurl "~1.3.1"
    statuses "~1.3.1"
    unpipe "~1.0.0"

methods@~1.1.2:
  version "1.1.2"
  resolved "https://artifactory.workday.com/artifactory/api/npm/npm-virtual/methods/-/methods-1.1.2.tgz#5529a4d67654134edcc5266656835b0f851afcee"

ms@2.0.0:
  version "2.0.0"
  resolved "https://artifactory.workday.com/artifactory/api/npm/npm-virtual/ms/-/ms-2.0.0.tgz#5608aeadfc00be6c2901df5f9861788de0d597c8"

on-finished@~2.3.0:
  version "2.3.0"
  resolved "https://artifactory.workday.com/artifactory/api/npm/npm-virtual/on-finished/-/on-finished-2.3.0.tgz#20f1336481b083cd75337992a16971aa2d906947"
  dependencies:
    ee-first "1.1.1"

parseurl@~1.3.1:
  version "1.3.1"
  resolved "https://artifactory.workday.com/artifactory/api/npm/npm-virtual/parseurl/-/parseurl-1.3.1.tgz#c8ab8c9223ba34888aa64a297b28853bec18da56"

path-to-regexp@0.1.7:
  version "0.1.7"
  resolved "https://artifactory.workday.com/artifactory/api/npm/npm-virtual/path-to-regexp/-/path-to-regexp-0.1.7.tgz#df604178005f522f15eb4490e7247a1bfaa67f8c"

router@^1.3.1:
  version "1.3.1"
  resolved "https://artifactory.workday.com/artifactory/api/npm/npm-virtual/router/-/router-1.3.1.tgz#e59ef64fafc22194a196986834d887058d76af47"
  dependencies:
    array-flatten "2.1.1"
    debug "2.6.8"
    methods "~1.1.2"
    parseurl "~1.3.1"
    path-to-regexp "0.1.7"
    setprototypeof "1.0.3"
    utils-merge "1.0.0"

setprototypeof@1.0.3:
  version "1.0.3"
  resolved "https://artifactory.workday.com/artifactory/api/npm/npm-virtual/setprototypeof/-/setprototypeof-1.0.3.tgz#66567e37043eeb4f04d91bd658c0cbefb55b8e04"

span@~0.0.5:
  version "0.0.6"
  resolved "https://artifactory.workday.com/artifactory/api/npm/npm-virtual/span/-/span-0.0.6.tgz#cbd224c4f9494243cd244ef2f41e4dfdbf0c21d6"

statuses@~1.3.1:
  version "1.3.1"
  resolved "https://artifactory.workday.com/artifactory/api/npm/npm-virtual/statuses/-/statuses-1.3.1.tgz#faf51b9eb74aaef3b3acf4ad5f61abf24cb7b93e"

ts@^0.0.0:
  version "0.0.0"
  resolved "https://artifactory.workday.com/artifactory/api/npm/npm-virtual/ts/-/ts-0.0.0.tgz#6748589177dbbd7d80dede54b5da779d526346c0"
  dependencies:
    span "~0.0.5"

unpipe@~1.0.0:
  version "1.0.0"
  resolved "https://artifactory.workday.com/artifactory/api/npm/npm-virtual/unpipe/-/unpipe-1.0.0.tgz#b2bf4ee8514aae6165b4817829d21b2ef49904ec"

utils-merge@1.0.0:
  version "1.0.0"
  resolved "https://artifactory.workday.com/artifactory/api/npm/npm-virtual/utils-merge/-/utils-merge-1.0.0.tgz#0294fb922bb9375153541c4f7096231f287c8af8"
